
Microsoft Visual Studio Solution File, Format Version 12.00
# Visual Studio 2013
VisualStudioVersion = 12.0.40629.0
MinimumVisualStudioVersion = 10.0.40219.1
Project("{8BC9CEB8-8B4A-11D0-8D11-00A0C91BC942}") = "winsock_iocp", "winsock_iocp\winsock_iocp.vcxproj", "{FF578FCA-CC0D-4606-905C-C1DA612919CA}"
EndProject
Project("{8BC9CEB8-8B4A-11D0-8D11-00A0C91BC942}") = "winsock_api", "winsock_api\winsock_api.vcxproj", "{26E04F34-B6AD-4F67-B8D1-A26BF5A58E1B}"
EndProject
Global
	GlobalSection(SolutionConfigurationPlatforms) = preSolution
		Debug|Win32 = Debug|Win32
		Release|Win32 = Release|Win32
	EndGlobalSection
	GlobalSection(ProjectConfigurationPlatforms) = postSolution
		{FF578FCA-CC0D-4606-905C-C1DA612919CA}.Debug|Win32.ActiveCfg = Debug|Win32
		{FF578FCA-CC0D-4606-905C-C1DA612919CA}.Debug|Win32.Build.0 = Debug|Win32
		{FF578FCA-CC0D-4606-905C-C1DA612919CA}.Release|Win32.ActiveCfg = Release|Win32
		{FF578FCA-CC0D-4606-905C-C1DA612919CA}.Release|Win32.Build.0 = Release|Win32
		{26E04F34-B6AD-4F67-B8D1-A26BF5A58E1B}.Debug|Win32.ActiveCfg = Debug|Win32
		{26E04F34-B6AD-4F67-B8D1-A26BF5A58E1B}.Debug|Win32.Build.0 = Debug|Win32
		{26E04F34-B6AD-4F67-B8D1-A26BF5A58E1B}.Release|Win32.ActiveCfg = Release|Win32
		{26E04F34-B6AD-4F67-B8D1-A26BF5A58E1B}.Release|Win32.Build.0 = Release|Win32
	EndGlobalSection
	GlobalSection(SolutionProperties) = preSolution
		HideSolutionNode = FALSE
	EndGlobalSection
EndGlobal
