Microsoft Visual Studio Solution File, Format Version 12.00
# Visual Studio 2013
Project("{8BC9CEB8-8B4A-11D0-8D11-00A0C91BC942}") = "ALL_BUILD", "ALL_BUILD.vcxproj", "{8164D952-B0A1-3EA0-BB58-74DC4E5E16A5}"
	ProjectSection(ProjectDependencies) = postProject
		{2D1544B1-C82C-39C9-A6DC-F5AB3870A134} = {2D1544B1-C82C-39C9-A6DC-F5AB3870A134}
		{41A2569F-49C5-3DD7-8AC3-939C45A2C790} = {41A2569F-49C5-3DD7-8AC3-939C45A2C790}
		{BFF5EA00-97B2-31EE-B56A-3AF0409C5D95} = {BFF5EA00-97B2-31EE-B56A-3AF0409C5D95}
		{E374F50B-182C-3FB4-9786-7621C04E7C51} = {E374F50B-182C-3FB4-9786-7621C04E7C51}
		{7E8EAD04-7402-36ED-B1BF-9C5266B66FD1} = {7E8EAD04-7402-36ED-B1BF-9C5266B66FD1}
		{8A965956-21ED-39C0-AFBF-2F3760267821} = {8A965956-21ED-39C0-AFBF-2F3760267821}
		{AF9B8A8B-1B30-30D1-896B-E5C3FCD71CDC} = {AF9B8A8B-1B30-30D1-896B-E5C3FCD71CDC}
		{938C4EB4-6DB4-3554-9483-EC3E16374DCC} = {938C4EB4-6DB4-3554-9483-EC3E16374DCC}
		{1FEDE4E1-5DCA-3F7B-95AA-007C78FCFB73} = {1FEDE4E1-5DCA-3F7B-95AA-007C78FCFB73}
		{FA7747D2-4D7F-3FD6-996B-3440AE37535E} = {FA7747D2-4D7F-3FD6-996B-3440AE37535E}
		{9D00B8A8-F246-3EBF-BDE3-C949DDDDE275} = {9D00B8A8-F246-3EBF-BDE3-C949DDDDE275}
		{0A6B43B7-751C-3362-BAFF-EF8ADEA43817} = {0A6B43B7-751C-3362-BAFF-EF8ADEA43817}
	EndProjectSection
EndProject
Project("{8BC9CEB8-8B4A-11D0-8D11-00A0C91BC942}") = "INSTALL", "INSTALL.vcxproj", "{C65ED5AF-ED4B-321A-8880-C09F53AECCEE}"
	ProjectSection(ProjectDependencies) = postProject
		{8164D952-B0A1-3EA0-BB58-74DC4E5E16A5} = {8164D952-B0A1-3EA0-BB58-74DC4E5E16A5}
		{2D1544B1-C82C-39C9-A6DC-F5AB3870A134} = {2D1544B1-C82C-39C9-A6DC-F5AB3870A134}
	EndProjectSection
EndProject
Project("{8BC9CEB8-8B4A-11D0-8D11-00A0C91BC942}") = "ZERO_CHECK", "ZERO_CHECK.vcxproj", "{2D1544B1-C82C-39C9-A6DC-F5AB3870A134}"
	ProjectSection(ProjectDependencies) = postProject
	EndProjectSection
EndProject
Project("{8BC9CEB8-8B4A-11D0-8D11-00A0C91BC942}") = "check", "check.vcxproj", "{AE00E712-AE83-354D-B89D-9047BB562585}"
	ProjectSection(ProjectDependencies) = postProject
		{2D1544B1-C82C-39C9-A6DC-F5AB3870A134} = {2D1544B1-C82C-39C9-A6DC-F5AB3870A134}
		{9D00B8A8-F246-3EBF-BDE3-C949DDDDE275} = {9D00B8A8-F246-3EBF-BDE3-C949DDDDE275}
		{0A6B43B7-751C-3362-BAFF-EF8ADEA43817} = {0A6B43B7-751C-3362-BAFF-EF8ADEA43817}
	EndProjectSection
EndProject
Project("{8BC9CEB8-8B4A-11D0-8D11-00A0C91BC942}") = "gmock", "gmock.vcxproj", "{41A2569F-49C5-3DD7-8AC3-939C45A2C790}"
	ProjectSection(ProjectDependencies) = postProject
		{2D1544B1-C82C-39C9-A6DC-F5AB3870A134} = {2D1544B1-C82C-39C9-A6DC-F5AB3870A134}
	EndProjectSection
EndProject
Project("{8BC9CEB8-8B4A-11D0-8D11-00A0C91BC942}") = "gmock_main", "gmock_main.vcxproj", "{BFF5EA00-97B2-31EE-B56A-3AF0409C5D95}"
	ProjectSection(ProjectDependencies) = postProject
		{2D1544B1-C82C-39C9-A6DC-F5AB3870A134} = {2D1544B1-C82C-39C9-A6DC-F5AB3870A134}
		{41A2569F-49C5-3DD7-8AC3-939C45A2C790} = {41A2569F-49C5-3DD7-8AC3-939C45A2C790}
	EndProjectSection
EndProject
Project("{8BC9CEB8-8B4A-11D0-8D11-00A0C91BC942}") = "js_embed", "js_embed.vcxproj", "{E374F50B-182C-3FB4-9786-7621C04E7C51}"
	ProjectSection(ProjectDependencies) = postProject
		{2D1544B1-C82C-39C9-A6DC-F5AB3870A134} = {2D1544B1-C82C-39C9-A6DC-F5AB3870A134}
	EndProjectSection
EndProject
Project("{8BC9CEB8-8B4A-11D0-8D11-00A0C91BC942}") = "libprotobuf", "libprotobuf.vcxproj", "{7E8EAD04-7402-36ED-B1BF-9C5266B66FD1}"
	ProjectSection(ProjectDependencies) = postProject
		{2D1544B1-C82C-39C9-A6DC-F5AB3870A134} = {2D1544B1-C82C-39C9-A6DC-F5AB3870A134}
	EndProjectSection
EndProject
Project("{8BC9CEB8-8B4A-11D0-8D11-00A0C91BC942}") = "libprotobuf-lite", "libprotobuf-lite.vcxproj", "{8A965956-21ED-39C0-AFBF-2F3760267821}"
	ProjectSection(ProjectDependencies) = postProject
		{2D1544B1-C82C-39C9-A6DC-F5AB3870A134} = {2D1544B1-C82C-39C9-A6DC-F5AB3870A134}
	EndProjectSection
EndProject
Project("{8BC9CEB8-8B4A-11D0-8D11-00A0C91BC942}") = "libprotoc", "libprotoc.vcxproj", "{AF9B8A8B-1B30-30D1-896B-E5C3FCD71CDC}"
	ProjectSection(ProjectDependencies) = postProject
		{2D1544B1-C82C-39C9-A6DC-F5AB3870A134} = {2D1544B1-C82C-39C9-A6DC-F5AB3870A134}
		{E374F50B-182C-3FB4-9786-7621C04E7C51} = {E374F50B-182C-3FB4-9786-7621C04E7C51}
		{7E8EAD04-7402-36ED-B1BF-9C5266B66FD1} = {7E8EAD04-7402-36ED-B1BF-9C5266B66FD1}
	EndProjectSection
EndProject
Project("{8BC9CEB8-8B4A-11D0-8D11-00A0C91BC942}") = "lite-arena-test", "lite-arena-test.vcxproj", "{938C4EB4-6DB4-3554-9483-EC3E16374DCC}"
	ProjectSection(ProjectDependencies) = postProject
		{2D1544B1-C82C-39C9-A6DC-F5AB3870A134} = {2D1544B1-C82C-39C9-A6DC-F5AB3870A134}
		{41A2569F-49C5-3DD7-8AC3-939C45A2C790} = {41A2569F-49C5-3DD7-8AC3-939C45A2C790}
		{BFF5EA00-97B2-31EE-B56A-3AF0409C5D95} = {BFF5EA00-97B2-31EE-B56A-3AF0409C5D95}
		{8A965956-21ED-39C0-AFBF-2F3760267821} = {8A965956-21ED-39C0-AFBF-2F3760267821}
		{FA7747D2-4D7F-3FD6-996B-3440AE37535E} = {FA7747D2-4D7F-3FD6-996B-3440AE37535E}
	EndProjectSection
EndProject
Project("{8BC9CEB8-8B4A-11D0-8D11-00A0C91BC942}") = "lite-test", "lite-test.vcxproj", "{1FEDE4E1-5DCA-3F7B-95AA-007C78FCFB73}"
	ProjectSection(ProjectDependencies) = postProject
		{2D1544B1-C82C-39C9-A6DC-F5AB3870A134} = {2D1544B1-C82C-39C9-A6DC-F5AB3870A134}
		{41A2569F-49C5-3DD7-8AC3-939C45A2C790} = {41A2569F-49C5-3DD7-8AC3-939C45A2C790}
		{BFF5EA00-97B2-31EE-B56A-3AF0409C5D95} = {BFF5EA00-97B2-31EE-B56A-3AF0409C5D95}
		{8A965956-21ED-39C0-AFBF-2F3760267821} = {8A965956-21ED-39C0-AFBF-2F3760267821}
		{FA7747D2-4D7F-3FD6-996B-3440AE37535E} = {FA7747D2-4D7F-3FD6-996B-3440AE37535E}
	EndProjectSection
EndProject
Project("{8BC9CEB8-8B4A-11D0-8D11-00A0C91BC942}") = "protoc", "protoc.vcxproj", "{FA7747D2-4D7F-3FD6-996B-3440AE37535E}"
	ProjectSection(ProjectDependencies) = postProject
		{2D1544B1-C82C-39C9-A6DC-F5AB3870A134} = {2D1544B1-C82C-39C9-A6DC-F5AB3870A134}
		{7E8EAD04-7402-36ED-B1BF-9C5266B66FD1} = {7E8EAD04-7402-36ED-B1BF-9C5266B66FD1}
		{AF9B8A8B-1B30-30D1-896B-E5C3FCD71CDC} = {AF9B8A8B-1B30-30D1-896B-E5C3FCD71CDC}
	EndProjectSection
EndProject
Project("{8BC9CEB8-8B4A-11D0-8D11-00A0C91BC942}") = "test_plugin", "test_plugin.vcxproj", "{9D00B8A8-F246-3EBF-BDE3-C949DDDDE275}"
	ProjectSection(ProjectDependencies) = postProject
		{2D1544B1-C82C-39C9-A6DC-F5AB3870A134} = {2D1544B1-C82C-39C9-A6DC-F5AB3870A134}
		{41A2569F-49C5-3DD7-8AC3-939C45A2C790} = {41A2569F-49C5-3DD7-8AC3-939C45A2C790}
		{7E8EAD04-7402-36ED-B1BF-9C5266B66FD1} = {7E8EAD04-7402-36ED-B1BF-9C5266B66FD1}
		{AF9B8A8B-1B30-30D1-896B-E5C3FCD71CDC} = {AF9B8A8B-1B30-30D1-896B-E5C3FCD71CDC}
	EndProjectSection
EndProject
Project("{8BC9CEB8-8B4A-11D0-8D11-00A0C91BC942}") = "tests", "tests.vcxproj", "{0A6B43B7-751C-3362-BAFF-EF8ADEA43817}"
	ProjectSection(ProjectDependencies) = postProject
		{2D1544B1-C82C-39C9-A6DC-F5AB3870A134} = {2D1544B1-C82C-39C9-A6DC-F5AB3870A134}
		{41A2569F-49C5-3DD7-8AC3-939C45A2C790} = {41A2569F-49C5-3DD7-8AC3-939C45A2C790}
		{BFF5EA00-97B2-31EE-B56A-3AF0409C5D95} = {BFF5EA00-97B2-31EE-B56A-3AF0409C5D95}
		{7E8EAD04-7402-36ED-B1BF-9C5266B66FD1} = {7E8EAD04-7402-36ED-B1BF-9C5266B66FD1}
		{AF9B8A8B-1B30-30D1-896B-E5C3FCD71CDC} = {AF9B8A8B-1B30-30D1-896B-E5C3FCD71CDC}
		{FA7747D2-4D7F-3FD6-996B-3440AE37535E} = {FA7747D2-4D7F-3FD6-996B-3440AE37535E}
	EndProjectSection
EndProject
Global
	GlobalSection(SolutionConfigurationPlatforms) = preSolution
		Debug|Win32 = Debug|Win32
		Release|Win32 = Release|Win32
		MinSizeRel|Win32 = MinSizeRel|Win32
		RelWithDebInfo|Win32 = RelWithDebInfo|Win32
	EndGlobalSection
	GlobalSection(ProjectConfigurationPlatforms) = postSolution
		{8164D952-B0A1-3EA0-BB58-74DC4E5E16A5}.Debug|Win32.ActiveCfg = Debug|Win32
		{8164D952-B0A1-3EA0-BB58-74DC4E5E16A5}.Debug|Win32.Build.0 = Debug|Win32
		{8164D952-B0A1-3EA0-BB58-74DC4E5E16A5}.Release|Win32.ActiveCfg = Release|Win32
		{8164D952-B0A1-3EA0-BB58-74DC4E5E16A5}.Release|Win32.Build.0 = Release|Win32
		{8164D952-B0A1-3EA0-BB58-74DC4E5E16A5}.MinSizeRel|Win32.ActiveCfg = MinSizeRel|Win32
		{8164D952-B0A1-3EA0-BB58-74DC4E5E16A5}.MinSizeRel|Win32.Build.0 = MinSizeRel|Win32
		{8164D952-B0A1-3EA0-BB58-74DC4E5E16A5}.RelWithDebInfo|Win32.ActiveCfg = RelWithDebInfo|Win32
		{8164D952-B0A1-3EA0-BB58-74DC4E5E16A5}.RelWithDebInfo|Win32.Build.0 = RelWithDebInfo|Win32
		{C65ED5AF-ED4B-321A-8880-C09F53AECCEE}.Debug|Win32.ActiveCfg = Debug|Win32
		{C65ED5AF-ED4B-321A-8880-C09F53AECCEE}.Release|Win32.ActiveCfg = Release|Win32
		{C65ED5AF-ED4B-321A-8880-C09F53AECCEE}.MinSizeRel|Win32.ActiveCfg = MinSizeRel|Win32
		{C65ED5AF-ED4B-321A-8880-C09F53AECCEE}.RelWithDebInfo|Win32.ActiveCfg = RelWithDebInfo|Win32
		{2D1544B1-C82C-39C9-A6DC-F5AB3870A134}.Debug|Win32.ActiveCfg = Debug|Win32
		{2D1544B1-C82C-39C9-A6DC-F5AB3870A134}.Debug|Win32.Build.0 = Debug|Win32
		{2D1544B1-C82C-39C9-A6DC-F5AB3870A134}.Release|Win32.ActiveCfg = Release|Win32
		{2D1544B1-C82C-39C9-A6DC-F5AB3870A134}.Release|Win32.Build.0 = Release|Win32
		{2D1544B1-C82C-39C9-A6DC-F5AB3870A134}.MinSizeRel|Win32.ActiveCfg = MinSizeRel|Win32
		{2D1544B1-C82C-39C9-A6DC-F5AB3870A134}.MinSizeRel|Win32.Build.0 = MinSizeRel|Win32
		{2D1544B1-C82C-39C9-A6DC-F5AB3870A134}.RelWithDebInfo|Win32.ActiveCfg = RelWithDebInfo|Win32
		{2D1544B1-C82C-39C9-A6DC-F5AB3870A134}.RelWithDebInfo|Win32.Build.0 = RelWithDebInfo|Win32
		{AE00E712-AE83-354D-B89D-9047BB562585}.Debug|Win32.ActiveCfg = Debug|Win32
		{AE00E712-AE83-354D-B89D-9047BB562585}.Release|Win32.ActiveCfg = Release|Win32
		{AE00E712-AE83-354D-B89D-9047BB562585}.MinSizeRel|Win32.ActiveCfg = MinSizeRel|Win32
		{AE00E712-AE83-354D-B89D-9047BB562585}.RelWithDebInfo|Win32.ActiveCfg = RelWithDebInfo|Win32
		{41A2569F-49C5-3DD7-8AC3-939C45A2C790}.Debug|Win32.ActiveCfg = Debug|Win32
		{41A2569F-49C5-3DD7-8AC3-939C45A2C790}.Debug|Win32.Build.0 = Debug|Win32
		{41A2569F-49C5-3DD7-8AC3-939C45A2C790}.Release|Win32.ActiveCfg = Release|Win32
		{41A2569F-49C5-3DD7-8AC3-939C45A2C790}.Release|Win32.Build.0 = Release|Win32
		{41A2569F-49C5-3DD7-8AC3-939C45A2C790}.MinSizeRel|Win32.ActiveCfg = MinSizeRel|Win32
		{41A2569F-49C5-3DD7-8AC3-939C45A2C790}.MinSizeRel|Win32.Build.0 = MinSizeRel|Win32
		{41A2569F-49C5-3DD7-8AC3-939C45A2C790}.RelWithDebInfo|Win32.ActiveCfg = RelWithDebInfo|Win32
		{41A2569F-49C5-3DD7-8AC3-939C45A2C790}.RelWithDebInfo|Win32.Build.0 = RelWithDebInfo|Win32
		{BFF5EA00-97B2-31EE-B56A-3AF0409C5D95}.Debug|Win32.ActiveCfg = Debug|Win32
		{BFF5EA00-97B2-31EE-B56A-3AF0409C5D95}.Debug|Win32.Build.0 = Debug|Win32
		{BFF5EA00-97B2-31EE-B56A-3AF0409C5D95}.Release|Win32.ActiveCfg = Release|Win32
		{BFF5EA00-97B2-31EE-B56A-3AF0409C5D95}.Release|Win32.Build.0 = Release|Win32
		{BFF5EA00-97B2-31EE-B56A-3AF0409C5D95}.MinSizeRel|Win32.ActiveCfg = MinSizeRel|Win32
		{BFF5EA00-97B2-31EE-B56A-3AF0409C5D95}.MinSizeRel|Win32.Build.0 = MinSizeRel|Win32
		{BFF5EA00-97B2-31EE-B56A-3AF0409C5D95}.RelWithDebInfo|Win32.ActiveCfg = RelWithDebInfo|Win32
		{BFF5EA00-97B2-31EE-B56A-3AF0409C5D95}.RelWithDebInfo|Win32.Build.0 = RelWithDebInfo|Win32
		{E374F50B-182C-3FB4-9786-7621C04E7C51}.Debug|Win32.ActiveCfg = Debug|Win32
		{E374F50B-182C-3FB4-9786-7621C04E7C51}.Debug|Win32.Build.0 = Debug|Win32
		{E374F50B-182C-3FB4-9786-7621C04E7C51}.Release|Win32.ActiveCfg = Release|Win32
		{E374F50B-182C-3FB4-9786-7621C04E7C51}.Release|Win32.Build.0 = Release|Win32
		{E374F50B-182C-3FB4-9786-7621C04E7C51}.MinSizeRel|Win32.ActiveCfg = MinSizeRel|Win32
		{E374F50B-182C-3FB4-9786-7621C04E7C51}.MinSizeRel|Win32.Build.0 = MinSizeRel|Win32
		{E374F50B-182C-3FB4-9786-7621C04E7C51}.RelWithDebInfo|Win32.ActiveCfg = RelWithDebInfo|Win32
		{E374F50B-182C-3FB4-9786-7621C04E7C51}.RelWithDebInfo|Win32.Build.0 = RelWithDebInfo|Win32
		{7E8EAD04-7402-36ED-B1BF-9C5266B66FD1}.Debug|Win32.ActiveCfg = Debug|Win32
		{7E8EAD04-7402-36ED-B1BF-9C5266B66FD1}.Debug|Win32.Build.0 = Debug|Win32
		{7E8EAD04-7402-36ED-B1BF-9C5266B66FD1}.Release|Win32.ActiveCfg = Release|Win32
		{7E8EAD04-7402-36ED-B1BF-9C5266B66FD1}.Release|Win32.Build.0 = Release|Win32
		{7E8EAD04-7402-36ED-B1BF-9C5266B66FD1}.MinSizeRel|Win32.ActiveCfg = MinSizeRel|Win32
		{7E8EAD04-7402-36ED-B1BF-9C5266B66FD1}.MinSizeRel|Win32.Build.0 = MinSizeRel|Win32
		{7E8EAD04-7402-36ED-B1BF-9C5266B66FD1}.RelWithDebInfo|Win32.ActiveCfg = RelWithDebInfo|Win32
		{7E8EAD04-7402-36ED-B1BF-9C5266B66FD1}.RelWithDebInfo|Win32.Build.0 = RelWithDebInfo|Win32
		{8A965956-21ED-39C0-AFBF-2F3760267821}.Debug|Win32.ActiveCfg = Debug|Win32
		{8A965956-21ED-39C0-AFBF-2F3760267821}.Debug|Win32.Build.0 = Debug|Win32
		{8A965956-21ED-39C0-AFBF-2F3760267821}.Release|Win32.ActiveCfg = Release|Win32
		{8A965956-21ED-39C0-AFBF-2F3760267821}.Release|Win32.Build.0 = Release|Win32
		{8A965956-21ED-39C0-AFBF-2F3760267821}.MinSizeRel|Win32.ActiveCfg = MinSizeRel|Win32
		{8A965956-21ED-39C0-AFBF-2F3760267821}.MinSizeRel|Win32.Build.0 = MinSizeRel|Win32
		{8A965956-21ED-39C0-AFBF-2F3760267821}.RelWithDebInfo|Win32.ActiveCfg = RelWithDebInfo|Win32
		{8A965956-21ED-39C0-AFBF-2F3760267821}.RelWithDebInfo|Win32.Build.0 = RelWithDebInfo|Win32
		{AF9B8A8B-1B30-30D1-896B-E5C3FCD71CDC}.Debug|Win32.ActiveCfg = Debug|Win32
		{AF9B8A8B-1B30-30D1-896B-E5C3FCD71CDC}.Debug|Win32.Build.0 = Debug|Win32
		{AF9B8A8B-1B30-30D1-896B-E5C3FCD71CDC}.Release|Win32.ActiveCfg = Release|Win32
		{AF9B8A8B-1B30-30D1-896B-E5C3FCD71CDC}.Release|Win32.Build.0 = Release|Win32
		{AF9B8A8B-1B30-30D1-896B-E5C3FCD71CDC}.MinSizeRel|Win32.ActiveCfg = MinSizeRel|Win32
		{AF9B8A8B-1B30-30D1-896B-E5C3FCD71CDC}.MinSizeRel|Win32.Build.0 = MinSizeRel|Win32
		{AF9B8A8B-1B30-30D1-896B-E5C3FCD71CDC}.RelWithDebInfo|Win32.ActiveCfg = RelWithDebInfo|Win32
		{AF9B8A8B-1B30-30D1-896B-E5C3FCD71CDC}.RelWithDebInfo|Win32.Build.0 = RelWithDebInfo|Win32
		{938C4EB4-6DB4-3554-9483-EC3E16374DCC}.Debug|Win32.ActiveCfg = Debug|Win32
		{938C4EB4-6DB4-3554-9483-EC3E16374DCC}.Debug|Win32.Build.0 = Debug|Win32
		{938C4EB4-6DB4-3554-9483-EC3E16374DCC}.Release|Win32.ActiveCfg = Release|Win32
		{938C4EB4-6DB4-3554-9483-EC3E16374DCC}.Release|Win32.Build.0 = Release|Win32
		{938C4EB4-6DB4-3554-9483-EC3E16374DCC}.MinSizeRel|Win32.ActiveCfg = MinSizeRel|Win32
		{938C4EB4-6DB4-3554-9483-EC3E16374DCC}.MinSizeRel|Win32.Build.0 = MinSizeRel|Win32
		{938C4EB4-6DB4-3554-9483-EC3E16374DCC}.RelWithDebInfo|Win32.ActiveCfg = RelWithDebInfo|Win32
		{938C4EB4-6DB4-3554-9483-EC3E16374DCC}.RelWithDebInfo|Win32.Build.0 = RelWithDebInfo|Win32
		{1FEDE4E1-5DCA-3F7B-95AA-007C78FCFB73}.Debug|Win32.ActiveCfg = Debug|Win32
		{1FEDE4E1-5DCA-3F7B-95AA-007C78FCFB73}.Debug|Win32.Build.0 = Debug|Win32
		{1FEDE4E1-5DCA-3F7B-95AA-007C78FCFB73}.Release|Win32.ActiveCfg = Release|Win32
		{1FEDE4E1-5DCA-3F7B-95AA-007C78FCFB73}.Release|Win32.Build.0 = Release|Win32
		{1FEDE4E1-5DCA-3F7B-95AA-007C78FCFB73}.MinSizeRel|Win32.ActiveCfg = MinSizeRel|Win32
		{1FEDE4E1-5DCA-3F7B-95AA-007C78FCFB73}.MinSizeRel|Win32.Build.0 = MinSizeRel|Win32
		{1FEDE4E1-5DCA-3F7B-95AA-007C78FCFB73}.RelWithDebInfo|Win32.ActiveCfg = RelWithDebInfo|Win32
		{1FEDE4E1-5DCA-3F7B-95AA-007C78FCFB73}.RelWithDebInfo|Win32.Build.0 = RelWithDebInfo|Win32
		{FA7747D2-4D7F-3FD6-996B-3440AE37535E}.Debug|Win32.ActiveCfg = Debug|Win32
		{FA7747D2-4D7F-3FD6-996B-3440AE37535E}.Debug|Win32.Build.0 = Debug|Win32
		{FA7747D2-4D7F-3FD6-996B-3440AE37535E}.Release|Win32.ActiveCfg = Release|Win32
		{FA7747D2-4D7F-3FD6-996B-3440AE37535E}.Release|Win32.Build.0 = Release|Win32
		{FA7747D2-4D7F-3FD6-996B-3440AE37535E}.MinSizeRel|Win32.ActiveCfg = MinSizeRel|Win32
		{FA7747D2-4D7F-3FD6-996B-3440AE37535E}.MinSizeRel|Win32.Build.0 = MinSizeRel|Win32
		{FA7747D2-4D7F-3FD6-996B-3440AE37535E}.RelWithDebInfo|Win32.ActiveCfg = RelWithDebInfo|Win32
		{FA7747D2-4D7F-3FD6-996B-3440AE37535E}.RelWithDebInfo|Win32.Build.0 = RelWithDebInfo|Win32
		{9D00B8A8-F246-3EBF-BDE3-C949DDDDE275}.Debug|Win32.ActiveCfg = Debug|Win32
		{9D00B8A8-F246-3EBF-BDE3-C949DDDDE275}.Debug|Win32.Build.0 = Debug|Win32
		{9D00B8A8-F246-3EBF-BDE3-C949DDDDE275}.Release|Win32.ActiveCfg = Release|Win32
		{9D00B8A8-F246-3EBF-BDE3-C949DDDDE275}.Release|Win32.Build.0 = Release|Win32
		{9D00B8A8-F246-3EBF-BDE3-C949DDDDE275}.MinSizeRel|Win32.ActiveCfg = MinSizeRel|Win32
		{9D00B8A8-F246-3EBF-BDE3-C949DDDDE275}.MinSizeRel|Win32.Build.0 = MinSizeRel|Win32
		{9D00B8A8-F246-3EBF-BDE3-C949DDDDE275}.RelWithDebInfo|Win32.ActiveCfg = RelWithDebInfo|Win32
		{9D00B8A8-F246-3EBF-BDE3-C949DDDDE275}.RelWithDebInfo|Win32.Build.0 = RelWithDebInfo|Win32
		{0A6B43B7-751C-3362-BAFF-EF8ADEA43817}.Debug|Win32.ActiveCfg = Debug|Win32
		{0A6B43B7-751C-3362-BAFF-EF8ADEA43817}.Debug|Win32.Build.0 = Debug|Win32
		{0A6B43B7-751C-3362-BAFF-EF8ADEA43817}.Release|Win32.ActiveCfg = Release|Win32
		{0A6B43B7-751C-3362-BAFF-EF8ADEA43817}.Release|Win32.Build.0 = Release|Win32
		{0A6B43B7-751C-3362-BAFF-EF8ADEA43817}.MinSizeRel|Win32.ActiveCfg = MinSizeRel|Win32
		{0A6B43B7-751C-3362-BAFF-EF8ADEA43817}.MinSizeRel|Win32.Build.0 = MinSizeRel|Win32
		{0A6B43B7-751C-3362-BAFF-EF8ADEA43817}.RelWithDebInfo|Win32.ActiveCfg = RelWithDebInfo|Win32
		{0A6B43B7-751C-3362-BAFF-EF8ADEA43817}.RelWithDebInfo|Win32.Build.0 = RelWithDebInfo|Win32
	EndGlobalSection
	GlobalSection(ExtensibilityGlobals) = postSolution
	EndGlobalSection
	GlobalSection(ExtensibilityAddIns) = postSolution
	EndGlobalSection
EndGlobal
